
Microsoft Visual Studio Solution File, Format Version 10.00
# Visual Studio 2008
Project("{FAE04EC0-301F-11D3-BF4B-00C04F79EFBC}") = "Uncas.PodCastPlayer.Model", "src\Uncas.PodCastPlayer.Model\Uncas.PodCastPlayer.Model.csproj", "{990A3CDC-71BB-4235-9B19-FE87D3F81266}"
EndProject
Project("{FAE04EC0-301F-11D3-BF4B-00C04F79EFBC}") = "Uncas.PodCastPlayer.Tests", "src\Uncas.PodCastPlayer.Tests\Uncas.PodCastPlayer.Tests.csproj", "{3C6DDE9F-A35E-403A-98B5-4D3A9BA4CAA9}"
EndProject
Project("{FAE04EC0-301F-11D3-BF4B-00C04F79EFBC}") = "Uncas.PodCastPlayer.Repository", "src\Uncas.PodCastPlayer.Repository\Uncas.PodCastPlayer.Repository.csproj", "{BFFE8668-0233-4CF0-98C7-E39934692C9E}"
EndProject
Project("{FAE04EC0-301F-11D3-BF4B-00C04F79EFBC}") = "Uncas.PodCastPlayer.Utility", "src\Uncas.PodCastPlayer.Utility\Uncas.PodCastPlayer.Utility.csproj", "{A0609EFB-4C30-4A16-BE7A-5C71CE94A39A}"
EndProject
Project("{FAE04EC0-301F-11D3-BF4B-00C04F79EFBC}") = "Uncas.PodCastPlayer.UI", "src\Uncas.PodCastPlayer.UI\Uncas.PodCastPlayer.UI.csproj", "{A756AAA1-096C-4A22-B0F6-A75BBCB22877}"
EndProject
Project("{FAE04EC0-301F-11D3-BF4B-00C04F79EFBC}") = "Uncas.PodCastPlayer.ViewModel", "src\Uncas.PodCastPlayer.ViewModel\Uncas.PodCastPlayer.ViewModel.csproj", "{CCC24751-87D9-4FD1-BBB6-F723231933D1}"
EndProject
Project("{2150E333-8FDC-42A3-9474-1A3956D46DE8}") = "1 - User Interface Layer", "1 - User Interface Layer", "{46FC1739-0983-4CAC-BE15-D58EAC2D1B5A}"
EndProject
Project("{2150E333-8FDC-42A3-9474-1A3956D46DE8}") = "2 - Application Layer", "2 - Application Layer", "{599E2286-EBC0-4952-9F55-BE663F7F5E69}"
EndProject
Project("{2150E333-8FDC-42A3-9474-1A3956D46DE8}") = "3 - Domain Layer", "3 - Domain Layer", "{B569A087-CEE8-4C8E-8B58-F424355778F1}"
EndProject
Project("{2150E333-8FDC-42A3-9474-1A3956D46DE8}") = "5 - Tests", "5 - Tests", "{3A545D54-F05F-455B-8D11-057BB46327FB}"
EndProject
Project("{2150E333-8FDC-42A3-9474-1A3956D46DE8}") = "4 - Infrastructure Layer", "4 - Infrastructure Layer", "{15B90C88-7168-43AA-A1E8-E5D8B64B8E11}"
EndProject
Project("{FAE04EC0-301F-11D3-BF4B-00C04F79EFBC}") = "Uncas.PodCastPlayer.AppServices", "src\Uncas.PodCastPlayer.AppServices\Uncas.PodCastPlayer.AppServices.csproj", "{DD33AE6A-8372-49A9-9F92-EF7E3259A4F8}"
EndProject
Project("{FAE04EC0-301F-11D3-BF4B-00C04F79EFBC}") = "Uncas.PodCastPlayer.Fakes", "src\Uncas.PodCastPlayer.Fakes\Uncas.PodCastPlayer.Fakes.csproj", "{7A4207E9-3507-447A-8181-867EAA3F76CF}"
EndProject
Global
	GlobalSection(SolutionConfigurationPlatforms) = preSolution
		Debug|Any CPU = Debug|Any CPU
		Release|Any CPU = Release|Any CPU
	EndGlobalSection
	GlobalSection(ProjectConfigurationPlatforms) = postSolution
		{990A3CDC-71BB-4235-9B19-FE87D3F81266}.Debug|Any CPU.ActiveCfg = Debug|Any CPU
		{990A3CDC-71BB-4235-9B19-FE87D3F81266}.Debug|Any CPU.Build.0 = Debug|Any CPU
		{990A3CDC-71BB-4235-9B19-FE87D3F81266}.Release|Any CPU.ActiveCfg = Release|Any CPU
		{990A3CDC-71BB-4235-9B19-FE87D3F81266}.Release|Any CPU.Build.0 = Release|Any CPU
		{3C6DDE9F-A35E-403A-98B5-4D3A9BA4CAA9}.Debug|Any CPU.ActiveCfg = Debug|Any CPU
		{3C6DDE9F-A35E-403A-98B5-4D3A9BA4CAA9}.Debug|Any CPU.Build.0 = Debug|Any CPU
		{3C6DDE9F-A35E-403A-98B5-4D3A9BA4CAA9}.Release|Any CPU.ActiveCfg = Release|Any CPU
		{3C6DDE9F-A35E-403A-98B5-4D3A9BA4CAA9}.Release|Any CPU.Build.0 = Release|Any CPU
		{BFFE8668-0233-4CF0-98C7-E39934692C9E}.Debug|Any CPU.ActiveCfg = Debug|Any CPU
		{BFFE8668-0233-4CF0-98C7-E39934692C9E}.Debug|Any CPU.Build.0 = Debug|Any CPU
		{BFFE8668-0233-4CF0-98C7-E39934692C9E}.Release|Any CPU.ActiveCfg = Release|Any CPU
		{BFFE8668-0233-4CF0-98C7-E39934692C9E}.Release|Any CPU.Build.0 = Release|Any CPU
		{A0609EFB-4C30-4A16-BE7A-5C71CE94A39A}.Debug|Any CPU.ActiveCfg = Debug|Any CPU
		{A0609EFB-4C30-4A16-BE7A-5C71CE94A39A}.Debug|Any CPU.Build.0 = Debug|Any CPU
		{A0609EFB-4C30-4A16-BE7A-5C71CE94A39A}.Release|Any CPU.ActiveCfg = Release|Any CPU
		{A0609EFB-4C30-4A16-BE7A-5C71CE94A39A}.Release|Any CPU.Build.0 = Release|Any CPU
		{A756AAA1-096C-4A22-B0F6-A75BBCB22877}.Debug|Any CPU.ActiveCfg = Debug|Any CPU
		{A756AAA1-096C-4A22-B0F6-A75BBCB22877}.Debug|Any CPU.Build.0 = Debug|Any CPU
		{A756AAA1-096C-4A22-B0F6-A75BBCB22877}.Release|Any CPU.ActiveCfg = Release|Any CPU
		{A756AAA1-096C-4A22-B0F6-A75BBCB22877}.Release|Any CPU.Build.0 = Release|Any CPU
		{CCC24751-87D9-4FD1-BBB6-F723231933D1}.Debug|Any CPU.ActiveCfg = Debug|Any CPU
		{CCC24751-87D9-4FD1-BBB6-F723231933D1}.Debug|Any CPU.Build.0 = Debug|Any CPU
		{CCC24751-87D9-4FD1-BBB6-F723231933D1}.Release|Any CPU.ActiveCfg = Release|Any CPU
		{CCC24751-87D9-4FD1-BBB6-F723231933D1}.Release|Any CPU.Build.0 = Release|Any CPU
		{DD33AE6A-8372-49A9-9F92-EF7E3259A4F8}.Debug|Any CPU.ActiveCfg = Debug|Any CPU
		{DD33AE6A-8372-49A9-9F92-EF7E3259A4F8}.Debug|Any CPU.Build.0 = Debug|Any CPU
		{DD33AE6A-8372-49A9-9F92-EF7E3259A4F8}.Release|Any CPU.ActiveCfg = Release|Any CPU
		{DD33AE6A-8372-49A9-9F92-EF7E3259A4F8}.Release|Any CPU.Build.0 = Release|Any CPU
		{7A4207E9-3507-447A-8181-867EAA3F76CF}.Debug|Any CPU.ActiveCfg = Debug|Any CPU
		{7A4207E9-3507-447A-8181-867EAA3F76CF}.Debug|Any CPU.Build.0 = Debug|Any CPU
		{7A4207E9-3507-447A-8181-867EAA3F76CF}.Release|Any CPU.ActiveCfg = Release|Any CPU
		{7A4207E9-3507-447A-8181-867EAA3F76CF}.Release|Any CPU.Build.0 = Release|Any CPU
	EndGlobalSection
	GlobalSection(SolutionProperties) = preSolution
		HideSolutionNode = FALSE
	EndGlobalSection
	GlobalSection(NestedProjects) = preSolution
		{BFFE8668-0233-4CF0-98C7-E39934692C9E} = {B569A087-CEE8-4C8E-8B58-F424355778F1}
		{CCC24751-87D9-4FD1-BBB6-F723231933D1} = {B569A087-CEE8-4C8E-8B58-F424355778F1}
		{990A3CDC-71BB-4235-9B19-FE87D3F81266} = {B569A087-CEE8-4C8E-8B58-F424355778F1}
		{3C6DDE9F-A35E-403A-98B5-4D3A9BA4CAA9} = {3A545D54-F05F-455B-8D11-057BB46327FB}
		{7A4207E9-3507-447A-8181-867EAA3F76CF} = {3A545D54-F05F-455B-8D11-057BB46327FB}
		{A0609EFB-4C30-4A16-BE7A-5C71CE94A39A} = {599E2286-EBC0-4952-9F55-BE663F7F5E69}
		{DD33AE6A-8372-49A9-9F92-EF7E3259A4F8} = {599E2286-EBC0-4952-9F55-BE663F7F5E69}
		{A756AAA1-096C-4A22-B0F6-A75BBCB22877} = {46FC1739-0983-4CAC-BE15-D58EAC2D1B5A}
	EndGlobalSection
EndGlobal
