
Microsoft Visual Studio Solution File, Format Version 10.00
# Visual Studio 2008
Project("{FAE04EC0-301F-11D3-BF4B-00C04F79EFBC}") = "Uncas.PodCastPlayer.Model", "src\Uncas.PodCastPlayer.Model\Uncas.PodCastPlayer.Model.csproj", "{990A3CDC-71BB-4235-9B19-FE87D3F81266}"
EndProject
Project("{FAE04EC0-301F-11D3-BF4B-00C04F79EFBC}") = "Uncas.PodCastPlayer.Tests", "src\Uncas.PodCastPlayer.Tests\Uncas.PodCastPlayer.Tests.csproj", "{3C6DDE9F-A35E-403A-98B5-4D3A9BA4CAA9}"
EndProject
Global
	GlobalSection(SolutionConfigurationPlatforms) = preSolution
		Debug|Any CPU = Debug|Any CPU
		Release|Any CPU = Release|Any CPU
	EndGlobalSection
	GlobalSection(ProjectConfigurationPlatforms) = postSolution
		{990A3CDC-71BB-4235-9B19-FE87D3F81266}.Debug|Any CPU.ActiveCfg = Debug|Any CPU
		{990A3CDC-71BB-4235-9B19-FE87D3F81266}.Debug|Any CPU.Build.0 = Debug|Any CPU
		{990A3CDC-71BB-4235-9B19-FE87D3F81266}.Release|Any CPU.ActiveCfg = Release|Any CPU
		{990A3CDC-71BB-4235-9B19-FE87D3F81266}.Release|Any CPU.Build.0 = Release|Any CPU
		{3C6DDE9F-A35E-403A-98B5-4D3A9BA4CAA9}.Debug|Any CPU.ActiveCfg = Debug|Any CPU
		{3C6DDE9F-A35E-403A-98B5-4D3A9BA4CAA9}.Debug|Any CPU.Build.0 = Debug|Any CPU
		{3C6DDE9F-A35E-403A-98B5-4D3A9BA4CAA9}.Release|Any CPU.ActiveCfg = Release|Any CPU
		{3C6DDE9F-A35E-403A-98B5-4D3A9BA4CAA9}.Release|Any CPU.Build.0 = Release|Any CPU
	EndGlobalSection
	GlobalSection(SolutionProperties) = preSolution
		HideSolutionNode = FALSE
	EndGlobalSection
EndGlobal
